
Microsoft Visual Studio Solution File, Format Version 12.00
# Visual Studio Version 17
VisualStudioVersion = 17.8.34330.188
MinimumVisualStudioVersion = 10.0.40219.1
Project("{FAE04EC0-301F-11D3-BF4B-00C04F79EFBC}") = "MyFirstWebApi", "MyFirstWebApi\MyFirstWebApi.csproj", "{B19EBB43-F945-41E7-9682-23B235E518C3}"
EndProject
Global
	GlobalSection(SolutionConfigurationPlatforms) = preSolution
		Debug|Any CPU = Debug|Any CPU
		Release|Any CPU = Release|Any CPU
	EndGlobalSection
	GlobalSection(ProjectConfigurationPlatforms) = postSolution
		{B19EBB43-F945-41E7-9682-23B235E518C3}.Debug|Any CPU.ActiveCfg = Debug|Any CPU
		{B19EBB43-F945-41E7-9682-23B235E518C3}.Debug|Any CPU.Build.0 = Debug|Any CPU
		{B19EBB43-F945-41E7-9682-23B235E518C3}.Release|Any CPU.ActiveCfg = Release|Any CPU
		{B19EBB43-F945-41E7-9682-23B235E518C3}.Release|Any CPU.Build.0 = Release|Any CPU
	EndGlobalSection
	GlobalSection(SolutionProperties) = preSolution
		HideSolutionNode = FALSE
	EndGlobalSection
	GlobalSection(ExtensibilityGlobals) = postSolution
		SolutionGuid = {08302356-3CED-48E5-BF03-592596068126}
	EndGlobalSection
EndGlobal
